
Microsoft Visual Studio Solution File, Format Version 12.00
# Visual Studio 15
VisualStudioVersion = 15.0.27703.2026
MinimumVisualStudioVersion = 10.0.40219.1
Project("{FAE04EC0-301F-11D3-BF4B-00C04F79EFBC}") = "EntityFrameworkCore", "EntityFrameworkCore\EntityFrameworkCore.csproj", "{8372746C-034F-416D-BF31-0E85BDD7AE8F}"
EndProject
Global
	GlobalSection(SolutionConfigurationPlatforms) = preSolution
		Debug|Any CPU = Debug|Any CPU
		Release|Any CPU = Release|Any CPU
	EndGlobalSection
	GlobalSection(ProjectConfigurationPlatforms) = postSolution
		{8372746C-034F-416D-BF31-0E85BDD7AE8F}.Debug|Any CPU.ActiveCfg = Debug|Any CPU
		{8372746C-034F-416D-BF31-0E85BDD7AE8F}.Debug|Any CPU.Build.0 = Debug|Any CPU
		{8372746C-034F-416D-BF31-0E85BDD7AE8F}.Release|Any CPU.ActiveCfg = Release|Any CPU
		{8372746C-034F-416D-BF31-0E85BDD7AE8F}.Release|Any CPU.Build.0 = Release|Any CPU
	EndGlobalSection
	GlobalSection(SolutionProperties) = preSolution
		HideSolutionNode = FALSE
	EndGlobalSection
	GlobalSection(ExtensibilityGlobals) = postSolution
		SolutionGuid = {A982BFE9-BD49-4BB0-A45A-68025FBD740E}
	EndGlobalSection
EndGlobal
